
Microsoft Visual Studio Solution File, Format Version 12.00
# Visual Studio 15
VisualStudioVersion = 15.0.27428.2043
MinimumVisualStudioVersion = 10.0.40219.1
Project("{8BC9CEB8-8B4A-11D0-8D11-00A0C91BC942}") = "Lab02", "Lab02\Lab02.vcxproj", "{0DA74137-DECB-4837-A607-BE10711E5E21}"
EndProject
Project("{8BC9CEB8-8B4A-11D0-8D11-00A0C91BC942}") = "Lab02_Exercise01", "Lab02_Exercise01\Lab02_Exercise01.vcxproj", "{555730B4-2B20-4906-8BDF-AB3D3D22D9C1}"
EndProject
Project("{8BC9CEB8-8B4A-11D0-8D11-00A0C91BC942}") = "Lab02_Exercise02", "Lab02_Exercise02\Lab02_Exercise02.vcxproj", "{C0D62D63-229F-48E8-9E32-75749106BDA5}"
EndProject
Project("{8BC9CEB8-8B4A-11D0-8D11-00A0C91BC942}") = "Lab02_Exercise03", "Lab02_Exercise03\Lab02_Exercise03.vcxproj", "{5BCD142D-BD3E-4BCE-8C9F-C43C4796B965}"
EndProject
Project("{8BC9CEB8-8B4A-11D0-8D11-00A0C91BC942}") = "Lab02_Exercise04", "Lab02_Exercise04\Lab02_Exercise04.vcxproj", "{56E09482-AB88-4D98-9FE7-3ADB5EB824F3}"
EndProject
Global
	GlobalSection(SolutionConfigurationPlatforms) = preSolution
		Debug|x64 = Debug|x64
		Debug|x86 = Debug|x86
		Release|x64 = Release|x64
		Release|x86 = Release|x86
	EndGlobalSection
	GlobalSection(ProjectConfigurationPlatforms) = postSolution
		{0DA74137-DECB-4837-A607-BE10711E5E21}.Debug|x64.ActiveCfg = Debug|x64
		{0DA74137-DECB-4837-A607-BE10711E5E21}.Debug|x64.Build.0 = Debug|x64
		{0DA74137-DECB-4837-A607-BE10711E5E21}.Debug|x86.ActiveCfg = Debug|Win32
		{0DA74137-DECB-4837-A607-BE10711E5E21}.Debug|x86.Build.0 = Debug|Win32
		{0DA74137-DECB-4837-A607-BE10711E5E21}.Release|x64.ActiveCfg = Release|x64
		{0DA74137-DECB-4837-A607-BE10711E5E21}.Release|x64.Build.0 = Release|x64
		{0DA74137-DECB-4837-A607-BE10711E5E21}.Release|x86.ActiveCfg = Release|Win32
		{0DA74137-DECB-4837-A607-BE10711E5E21}.Release|x86.Build.0 = Release|Win32
		{555730B4-2B20-4906-8BDF-AB3D3D22D9C1}.Debug|x64.ActiveCfg = Debug|x64
		{555730B4-2B20-4906-8BDF-AB3D3D22D9C1}.Debug|x64.Build.0 = Debug|x64
		{555730B4-2B20-4906-8BDF-AB3D3D22D9C1}.Debug|x86.ActiveCfg = Debug|Win32
		{555730B4-2B20-4906-8BDF-AB3D3D22D9C1}.Debug|x86.Build.0 = Debug|Win32
		{555730B4-2B20-4906-8BDF-AB3D3D22D9C1}.Release|x64.ActiveCfg = Release|x64
		{555730B4-2B20-4906-8BDF-AB3D3D22D9C1}.Release|x64.Build.0 = Release|x64
		{555730B4-2B20-4906-8BDF-AB3D3D22D9C1}.Release|x86.ActiveCfg = Release|Win32
		{555730B4-2B20-4906-8BDF-AB3D3D22D9C1}.Release|x86.Build.0 = Release|Win32
		{C0D62D63-229F-48E8-9E32-75749106BDA5}.Debug|x64.ActiveCfg = Debug|x64
		{C0D62D63-229F-48E8-9E32-75749106BDA5}.Debug|x64.Build.0 = Debug|x64
		{C0D62D63-229F-48E8-9E32-75749106BDA5}.Debug|x86.ActiveCfg = Debug|Win32
		{C0D62D63-229F-48E8-9E32-75749106BDA5}.Debug|x86.Build.0 = Debug|Win32
		{C0D62D63-229F-48E8-9E32-75749106BDA5}.Release|x64.ActiveCfg = Release|x64
		{C0D62D63-229F-48E8-9E32-75749106BDA5}.Release|x64.Build.0 = Release|x64
		{C0D62D63-229F-48E8-9E32-75749106BDA5}.Release|x86.ActiveCfg = Release|Win32
		{C0D62D63-229F-48E8-9E32-75749106BDA5}.Release|x86.Build.0 = Release|Win32
		{5BCD142D-BD3E-4BCE-8C9F-C43C4796B965}.Debug|x64.ActiveCfg = Debug|x64
		{5BCD142D-BD3E-4BCE-8C9F-C43C4796B965}.Debug|x64.Build.0 = Debug|x64
		{5BCD142D-BD3E-4BCE-8C9F-C43C4796B965}.Debug|x86.ActiveCfg = Debug|Win32
		{5BCD142D-BD3E-4BCE-8C9F-C43C4796B965}.Debug|x86.Build.0 = Debug|Win32
		{5BCD142D-BD3E-4BCE-8C9F-C43C4796B965}.Release|x64.ActiveCfg = Release|x64
		{5BCD142D-BD3E-4BCE-8C9F-C43C4796B965}.Release|x64.Build.0 = Release|x64
		{5BCD142D-BD3E-4BCE-8C9F-C43C4796B965}.Release|x86.ActiveCfg = Release|Win32
		{5BCD142D-BD3E-4BCE-8C9F-C43C4796B965}.Release|x86.Build.0 = Release|Win32
		{56E09482-AB88-4D98-9FE7-3ADB5EB824F3}.Debug|x64.ActiveCfg = Debug|x64
		{56E09482-AB88-4D98-9FE7-3ADB5EB824F3}.Debug|x64.Build.0 = Debug|x64
		{56E09482-AB88-4D98-9FE7-3ADB5EB824F3}.Debug|x86.ActiveCfg = Debug|Win32
		{56E09482-AB88-4D98-9FE7-3ADB5EB824F3}.Debug|x86.Build.0 = Debug|Win32
		{56E09482-AB88-4D98-9FE7-3ADB5EB824F3}.Release|x64.ActiveCfg = Release|x64
		{56E09482-AB88-4D98-9FE7-3ADB5EB824F3}.Release|x64.Build.0 = Release|x64
		{56E09482-AB88-4D98-9FE7-3ADB5EB824F3}.Release|x86.ActiveCfg = Release|Win32
		{56E09482-AB88-4D98-9FE7-3ADB5EB824F3}.Release|x86.Build.0 = Release|Win32
	EndGlobalSection
	GlobalSection(SolutionProperties) = preSolution
		HideSolutionNode = FALSE
	EndGlobalSection
	GlobalSection(ExtensibilityGlobals) = postSolution
		SolutionGuid = {EABA029D-B4EB-4498-A2FC-81AEB36CC321}
	EndGlobalSection
EndGlobal
